[ec2-user@ip-10-0-0-27 ElastiCache-Redis-Terraform]$ vi main.tf
[ec2-user@ip-10-0-0-27 ElastiCache-Redis-Terraform]$ terraform init

Initializing the backend...

Initializing provider plugins...
- Reusing previous version of hashicorp/aws from the dependency lock file
- Using previously-installed hashicorp/aws v5.76.0

Terraform has been successfully initialized!

You may now begin working with Terraform. Try running "terraform plan" to see
any changes that are required for your infrastructure. All Terraform commands
should now work.

If you ever set or change modules or backend configuration for Terraform,
rerun this command to reinitialize your working directory. If you forget, other
commands will detect it and remind you to do so if necessary.
[ec2-user@ip-10-0-0-27 ElastiCache-Redis-Terraform]$ terraform apply

Terraform used the selected providers to generate the following execution plan. Resource actions are indicated with the following symbols:
  + create

Terraform will perform the following actions:

  # aws_elasticache_cluster.example will be created
  + resource "aws_elasticache_cluster" "example" {
      + apply_immediately          = (known after apply)
      + arn                        = (known after apply)
      + auto_minor_version_upgrade = "true"
      + availability_zone          = (known after apply)
      + az_mode                    = (known after apply)
      + cache_nodes                = (known after apply)
      + cluster_address            = (known after apply)
      + cluster_id                 = "syed-redis-cluster"
      + configuration_endpoint     = (known after apply)
      + engine                     = "redis"
      + engine_version             = "6.x"
      + engine_version_actual      = (known after apply)
      + id                         = (known after apply)
      + ip_discovery               = (known after apply)
      + maintenance_window         = (known after apply)
      + network_type               = (known after apply)
      + node_type                  = "cache.t3.micro"
      + num_cache_nodes            = 1
      + parameter_group_name       = "default.redis6.x"
      + port                       = 6379
      + preferred_outpost_arn      = (known after apply)
      + replication_group_id       = (known after apply)
      + security_group_ids         = [
          + "sg-0b8875bcfc87fc22b",
        ]
      + snapshot_window            = (known after apply)
      + subnet_group_name          = "new-redis-subnet-group"
      + tags                       = {
          + "Name" = "SyedRedisCluster"
        }
      + tags_all                   = {
          + "Name" = "SyedRedisCluster"
        }
      + transit_encryption_enabled = (known after apply)
    }

  # aws_elasticache_subnet_group.example will be created
  + resource "aws_elasticache_subnet_group" "example" {
      + arn         = (known after apply)
      + description = "Managed by Terraform"
      + id          = (known after apply)
      + name        = "new-redis-subnet-group"
      + subnet_ids  = [
          + "subnet-0b313bf9dfbc70934",
        ]
      + tags_all    = (known after apply)
      + vpc_id      = (known after apply)
    }

Plan: 2 to add, 0 to change, 0 to destroy.

Do you want to perform these actions?
  Terraform will perform the actions described above.
  Only 'yes' will be accepted to approve.

  Enter a value: yes

aws_elasticache_subnet_group.example: Creating...
aws_elasticache_subnet_group.example: Creation complete after 0s [id=new-redis-subnet-group]
aws_elasticache_cluster.example: Creating...
aws_elasticache_cluster.example: Still creating... [10s elapsed]
aws_elasticache_cluster.example: Still creating... [20s elapsed]
aws_elasticache_cluster.example: Still creating... [30s elapsed]
aws_elasticache_cluster.example: Still creating... [40s elapsed]
aws_elasticache_cluster.example: Still creating... [50s elapsed]
aws_elasticache_cluster.example: Still creating... [1m0s elapsed]
aws_elasticache_cluster.example: Still creating... [1m10s elapsed]
aws_elasticache_cluster.example: Still creating... [1m20s elapsed]
aws_elasticache_cluster.example: Still creating... [1m30s elapsed]
aws_elasticache_cluster.example: Still creating... [1m40s elapsed]
aws_elasticache_cluster.example: Still creating... [1m50s elapsed]
aws_elasticache_cluster.example: Still creating... [2m0s elapsed]
aws_elasticache_cluster.example: Still creating... [2m10s elapsed]
aws_elasticache_cluster.example: Still creating... [2m20s elapsed]
aws_elasticache_cluster.example: Still creating... [2m30s elapsed]
aws_elasticache_cluster.example: Still creating... [2m40s elapsed]
aws_elasticache_cluster.example: Still creating... [2m50s elapsed]
aws_elasticache_cluster.example: Still creating... [3m0s elapsed]
aws_elasticache_cluster.example: Still creating... [3m10s elapsed]
aws_elasticache_cluster.example: Still creating... [3m20s elapsed]
aws_elasticache_cluster.example: Still creating... [3m30s elapsed]
aws_elasticache_cluster.example: Still creating... [3m40s elapsed]
aws_elasticache_cluster.example: Still creating... [3m50s elapsed]
aws_elasticache_cluster.example: Still creating... [4m0s elapsed]
aws_elasticache_cluster.example: Still creating... [4m10s elapsed]
aws_elasticache_cluster.example: Still creating... [4m20s elapsed]
aws_elasticache_cluster.example: Still creating... [4m30s elapsed]
aws_elasticache_cluster.example: Still creating... [4m40s elapsed]
aws_elasticache_cluster.example: Still creating... [4m50s elapsed]
aws_elasticache_cluster.example: Still creating... [5m0s elapsed]
aws_elasticache_cluster.example: Still creating... [5m10s elapsed]
aws_elasticache_cluster.example: Still creating... [5m20s elapsed]
aws_elasticache_cluster.example: Still creating... [5m30s elapsed]
aws_elasticache_cluster.example: Still creating... [5m40s elapsed]
aws_elasticache_cluster.example: Still creating... [5m50s elapsed]
aws_elasticache_cluster.example: Still creating... [6m0s elapsed]
aws_elasticache_cluster.example: Still creating... [6m10s elapsed]
aws_elasticache_cluster.example: Still creating... [6m20s elapsed]
aws_elasticache_cluster.example: Still creating... [6m30s elapsed]
aws_elasticache_cluster.example: Still creating... [6m40s elapsed]
aws_elasticache_cluster.example: Still creating... [6m50s elapsed]
aws_elasticache_cluster.example: Still creating... [7m0s elapsed]
aws_elasticache_cluster.example: Still creating... [7m10s elapsed]
aws_elasticache_cluster.example: Still creating... [7m20s elapsed]
aws_elasticache_cluster.example: Still creating... [7m30s elapsed]
aws_elasticache_cluster.example: Still creating... [7m40s elapsed]
aws_elasticache_cluster.example: Still creating... [7m50s elapsed]
aws_elasticache_cluster.example: Still creating... [8m0s elapsed]
aws_elasticache_cluster.example: Still creating... [8m10s elapsed]
aws_elasticache_cluster.example: Still creating... [8m20s elapsed]
aws_elasticache_cluster.example: Still creating... [8m30s elapsed]
aws_elasticache_cluster.example: Creation complete after 8m34s [id=syed-redis-cluster]

Apply complete! Resources: 2 added, 0 changed, 0 destroyed.
